{
  "name": "supportbank",
  "version": "1.0.0",
  "lockfileVersion": 1,
  "requires": true,
  "dependencies": {
    "magic-csv": {
      "version": "7.0.2",
      "resolved": "https://registry.npmjs.org/magic-csv/-/magic-csv-7.0.2.tgz",
      "integrity": "sha1-xEyRfi9lF6frhiA43B4R+hONKqY="
    },
    "moment": {
      "version": "2.22.2",
      "resolved": "https://registry.npmjs.org/moment/-/moment-2.22.2.tgz",
      "integrity": "sha1-PCV/mDn8DpP/UxSWMiOeuQeD/2Y="
    },
    "parsing-csv": {
      "version": "1.0.0",
      "resolved": "https://registry.npmjs.org/parsing-csv/-/parsing-csv-1.0.0.tgz",
      "integrity": "sha1-tqNdTUWfa1nhLfEpDprDW7VdPA0="
    },
    "readline-sync": {
      "version": "1.4.9",
      "resolved": "https://registry.npmjs.org/readline-sync/-/readline-sync-1.4.9.tgz",
      "integrity": "sha1-PtqOZfI80qF+YTAbHwADOWr17No="
    }
  }
}
